
Microsoft Visual Studio Solution File, Format Version 12.00
# Visual Studio Version 17
VisualStudioVersion = 17.7.34018.315
MinimumVisualStudioVersion = 10.0.40219.1
Project("{9A19103F-16F7-4668-BE54-9A1E7A4F7556}") = "DevFreela.API", "DevFreela.API\DevFreela.API.csproj", "{64C2F175-DD13-4EDB-8E09-2FC49C028BC3}"
EndProject
Project("{9A19103F-16F7-4668-BE54-9A1E7A4F7556}") = "DevFreela.Core", "DevFreela.Core\DevFreela.Core.csproj", "{6AAC7146-8336-457A-8665-A691CE31679C}"
EndProject
Project("{9A19103F-16F7-4668-BE54-9A1E7A4F7556}") = "DevFreela.Infrastructure", "DevFreela.Infrastructure\DevFreela.Infrastructure.csproj", "{5907B422-5130-4DD8-836C-941FA78E44F9}"
EndProject
Project("{9A19103F-16F7-4668-BE54-9A1E7A4F7556}") = "DevFreela.Application", "DevFreela.Application\DevFreela.Application.csproj", "{2934530F-35F3-46E5-8D94-FE01D2AFCE75}"
EndProject
Global
	GlobalSection(SolutionConfigurationPlatforms) = preSolution
		Debug|Any CPU = Debug|Any CPU
		Release|Any CPU = Release|Any CPU
	EndGlobalSection
	GlobalSection(ProjectConfigurationPlatforms) = postSolution
		{64C2F175-DD13-4EDB-8E09-2FC49C028BC3}.Debug|Any CPU.ActiveCfg = Debug|Any CPU
		{64C2F175-DD13-4EDB-8E09-2FC49C028BC3}.Debug|Any CPU.Build.0 = Debug|Any CPU
		{64C2F175-DD13-4EDB-8E09-2FC49C028BC3}.Release|Any CPU.ActiveCfg = Release|Any CPU
		{64C2F175-DD13-4EDB-8E09-2FC49C028BC3}.Release|Any CPU.Build.0 = Release|Any CPU
		{6AAC7146-8336-457A-8665-A691CE31679C}.Debug|Any CPU.ActiveCfg = Debug|Any CPU
		{6AAC7146-8336-457A-8665-A691CE31679C}.Debug|Any CPU.Build.0 = Debug|Any CPU
		{6AAC7146-8336-457A-8665-A691CE31679C}.Release|Any CPU.ActiveCfg = Release|Any CPU
		{6AAC7146-8336-457A-8665-A691CE31679C}.Release|Any CPU.Build.0 = Release|Any CPU
		{5907B422-5130-4DD8-836C-941FA78E44F9}.Debug|Any CPU.ActiveCfg = Debug|Any CPU
		{5907B422-5130-4DD8-836C-941FA78E44F9}.Debug|Any CPU.Build.0 = Debug|Any CPU
		{5907B422-5130-4DD8-836C-941FA78E44F9}.Release|Any CPU.ActiveCfg = Release|Any CPU
		{5907B422-5130-4DD8-836C-941FA78E44F9}.Release|Any CPU.Build.0 = Release|Any CPU
		{2934530F-35F3-46E5-8D94-FE01D2AFCE75}.Debug|Any CPU.ActiveCfg = Debug|Any CPU
		{2934530F-35F3-46E5-8D94-FE01D2AFCE75}.Debug|Any CPU.Build.0 = Debug|Any CPU
		{2934530F-35F3-46E5-8D94-FE01D2AFCE75}.Release|Any CPU.ActiveCfg = Release|Any CPU
		{2934530F-35F3-46E5-8D94-FE01D2AFCE75}.Release|Any CPU.Build.0 = Release|Any CPU
	EndGlobalSection
	GlobalSection(SolutionProperties) = preSolution
		HideSolutionNode = FALSE
	EndGlobalSection
	GlobalSection(ExtensibilityGlobals) = postSolution
		SolutionGuid = {FA66D159-579D-4757-9D2B-645DF75C4129}
	EndGlobalSection
EndGlobal
